// !$*UTF8*$!
{
	archiveVersion = 1;
	classes = {
	};
	objectVersion = 46;
	objects = {

/* Begin PBXBuildFile section */
		842FBE4615DA5B0A008EBBAC /* I_010329.png in Resources */ = {isa = PBXBuildFile; fileRef = 842FBE4515DA5B0A008EBBAC /* I_010329.png */; };
		842FBE4915DA5BD1008EBBAC /* CoreLocation.framework in Frameworks */ = {isa = PBXBuildFile; fileRef = 842FBE4815DA5BD1008EBBAC /* CoreLocation.framework */; };
		847DA49015DA55F9004AF55F /* UIKit.framework in Frameworks */ = {isa = PBXBuildFile; fileRef = 847DA48F15DA55F9004AF55F /* UIKit.framework */; };
		847DA49215DA55F9004AF55F /* Foundation.framework in Frameworks */ = {isa = PBXBuildFile; fileRef = 847DA49115DA55F9004AF55F /* Foundation.framework */; };
		847DA49415DA55F9004AF55F /* CoreGraphics.framework in Frameworks */ = {isa = PBXBuildFile; fileRef = 847DA49315DA55F9004AF55F /* CoreGraphics.framework */; };
		847DA49A15DA55F9004AF55F /* InfoPlist.strings in Resources */ = {isa = PBXBuildFile; fileRef = 847DA49815DA55F9004AF55F /* InfoPlist.strings */; };
		847DA49C15DA55F9004AF55F /* main.m in Sources */ = {isa = PBXBuildFile; fileRef = 847DA49B15DA55F9004AF55F /* main.m */; };
		847DA4A015DA55F9004AF55F /* AppDelegate.m in Sources */ = {isa = PBXBuildFile; fileRef = 847DA49F15DA55F9004AF55F /* AppDelegate.m */; };
		847DA4A315DA55F9004AF55F /* FirstViewController.m in Sources */ = {isa = PBXBuildFile; fileRef = 847DA4A215DA55F9004AF55F /* FirstViewController.m */; };
		847DA4A515DA55F9004AF55F /* first.png in Resources */ = {isa = PBXBuildFile; fileRef = 847DA4A415DA55F9004AF55F /* first.png */; };
		847DA4A715DA55F9004AF55F /* first@2x.png in Resources */ = {isa = PBXBuildFile; fileRef = 847DA4A615DA55F9004AF55F /* first@2x.png */; };
		847DA4AA15DA55F9004AF55F /* SecondViewController.m in Sources */ = {isa = PBXBuildFile; fileRef = 847DA4A915DA55F9004AF55F /* SecondViewController.m */; };
		847DA4AC15DA55F9004AF55F /* second.png in Resources */ = {isa = PBXBuildFile; fileRef = 847DA4AB15DA55F9004AF55F /* second.png */; };
		847DA4AE15DA55F9004AF55F /* second@2x.png in Resources */ = {isa = PBXBuildFile; fileRef = 847DA4AD15DA55F9004AF55F /* second@2x.png */; };
		847DA4B115DA55F9004AF55F /* FirstViewController.xib in Resources */ = {isa = PBXBuildFile; fileRef = 847DA4AF15DA55F9004AF55F /* FirstViewController.xib */; };
		847DA4B415DA55FA004AF55F /* SecondViewController.xib in Resources */ = {isa = PBXBuildFile; fileRef = 847DA4B215DA55FA004AF55F /* SecondViewController.xib */; };
/* End PBXBuildFile section */

/* Begin PBXFileReference section */
		842FBE4515DA5B0A008EBBAC /* I_010329.png */ = {isa = PBXFileReference; lastKnownFileType = image.png; path = I_010329.png; sourceTree = "<group>"; };
		842FBE4815DA5BD1008EBBAC /* CoreLocation.framework */ = {isa = PBXFileReference; lastKnownFileType = wrapper.framework; name = CoreLocation.framework; path = System/Library/Frameworks/CoreLocation.framework; sourceTree = SDKROOT; };
		847DA48B15DA55F9004AF55F /* 120814_01.app */ = {isa = PBXFileReference; explicitFileType = wrapper.application; includeInIndex = 0; path = 120814_01.app; sourceTree = BUILT_PRODUCTS_DIR; };
		847DA48F15DA55F9004AF55F /* UIKit.framework */ = {isa = PBXFileReference; lastKnownFileType = wrapper.framework; name = UIKit.framework; path = System/Library/Frameworks/UIKit.framework; sourceTree = SDKROOT; };
		847DA49115DA55F9004AF55F /* Foundation.framework */ = {isa = PBXFileReference; lastKnownFileType = wrapper.framework; name = Foundation.framework; path = System/Library/Frameworks/Foundation.framework; sourceTree = SDKROOT; };
		847DA49315DA55F9004AF55F /* CoreGraphics.framework */ = {isa = PBXFileReference; lastKnownFileType = wrapper.framework; name = CoreGraphics.framework; path = System/Library/Frameworks/CoreGraphics.framework; sourceTree = SDKROOT; };
		847DA49715DA55F9004AF55F /* 120814_01-Info.plist */ = {isa = PBXFileReference; lastKnownFileType = text.plist.xml; path = "120814_01-Info.plist"; sourceTree = "<group>"; };
		847DA49915DA55F9004AF55F /* en */ = {isa = PBXFileReference; lastKnownFileType = text.plist.strings; name = en; path = en.lproj/InfoPlist.strings; sourceTree = "<group>"; };
		847DA49B15DA55F9004AF55F /* main.m */ = {isa = PBXFileReference; lastKnownFileType = sourcecode.c.objc; path = main.m; sourceTree = "<group>"; };
		847DA49D15DA55F9004AF55F /* 120814_01-Prefix.pch */ = {isa = PBXFileReference; lastKnownFileType = sourcecode.c.h; path = "120814_01-Prefix.pch"; sourceTree = "<group>"; };
		847DA49E15DA55F9004AF55F /* AppDelegate.h */ = {isa = PBXFileReference; lastKnownFileType = sourcecode.c.h; path = AppDelegate.h; sourceTree = "<group>"; };
		847DA49F15DA55F9004AF55F /* AppDelegate.m */ = {isa = PBXFileReference; lastKnownFileType = sourcecode.c.objc; path = AppDelegate.m; sourceTree = "<group>"; };
		847DA4A115DA55F9004AF55F /* FirstViewController.h */ = {isa = PBXFileReference; lastKnownFileType = sourcecode.c.h; path = FirstViewController.h; sourceTree = "<group>"; };
		847DA4A215DA55F9004AF55F /* FirstViewController.m */ = {isa = PBXFileReference; lastKnownFileType = sourcecode.c.objc; path = FirstViewController.m; sourceTree = "<group>"; };
		847DA4A415DA55F9004AF55F /* first.png */ = {isa = PBXFileReference; lastKnownFileType = image.png; path = first.png; sourceTree = "<group>"; };
		847DA4A615DA55F9004AF55F /* first@2x.png */ = {isa = PBXFileReference; lastKnownFileType = image.png; path = "first@2x.png"; sourceTree = "<group>"; };
		847DA4A815DA55F9004AF55F /* SecondViewController.h */ = {isa = PBXFileReference; lastKnownFileType = sourcecode.c.h; path = SecondViewController.h; sourceTree = "<group>"; };
		847DA4A915DA55F9004AF55F /* SecondViewController.m */ = {isa = PBXFileReference; lastKnownFileType = sourcecode.c.objc; path = SecondViewController.m; sourceTree = "<group>"; };
		847DA4AB15DA55F9004AF55F /* second.png */ = {isa = PBXFileReference; lastKnownFileType = image.png; path = second.png; sourceTree = "<group>"; };
		847DA4AD15DA55F9004AF55F /* second@2x.png */ = {isa = PBXFileReference; lastKnownFileType = image.png; path = "second@2x.png"; sourceTree = "<group>"; };
		847DA4B015DA55F9004AF55F /* en */ = {isa = PBXFileReference; lastKnownFileType = file.xib; name = en; path = en.lproj/FirstViewController.xib; sourceTree = "<group>"; };
		847DA4B315DA55FA004AF55F /* en */ = {isa = PBXFileReference; lastKnownFileType = file.xib; name = en; path = en.lproj/SecondViewController.xib; sourceTree = "<group>"; };
/* End PBXFileReference section */

/* Begin PBXFrameworksBuildPhase section */
		847DA48815DA55F9004AF55F /* Frameworks */ = {
			isa = PBXFrameworksBuildPhase;
			buildActionMask = 2147483647;
			files = (
				842FBE4915DA5BD1008EBBAC /* CoreLocation.framework in Frameworks */,
				847DA49015DA55F9004AF55F /* UIKit.framework in Frameworks */,
				847DA49215DA55F9004AF55F /* Foundation.framework in Frameworks */,
				847DA49415DA55F9004AF55F /* CoreGraphics.framework in Frameworks */,
			);
			runOnlyForDeploymentPostprocessing = 0;
		};
/* End PBXFrameworksBuildPhase section */

/* Begin PBXGroup section */
		847DA48015DA55F9004AF55F = {
			isa = PBXGroup;
			children = (
				842FBE4815DA5BD1008EBBAC /* CoreLocation.framework */,
				847DA49515DA55F9004AF55F /* 120814_01 */,
				847DA48E15DA55F9004AF55F /* Frameworks */,
				847DA48C15DA55F9004AF55F /* Products */,
			);
			sourceTree = "<group>";
		};
		847DA48C15DA55F9004AF55F /* Products */ = {
			isa = PBXGroup;
			children = (
				847DA48B15DA55F9004AF55F /* 120814_01.app */,
			);
			name = Products;
			sourceTree = "<group>";
		};
		847DA48E15DA55F9004AF55F /* Frameworks */ = {
			isa = PBXGroup;
			children = (
				847DA48F15DA55F9004AF55F /* UIKit.framework */,
				847DA49115DA55F9004AF55F /* Foundation.framework */,
				847DA49315DA55F9004AF55F /* CoreGraphics.framework */,
			);
			name = Frameworks;
			sourceTree = "<group>";
		};
		847DA49515DA55F9004AF55F /* 120814_01 */ = {
			isa = PBXGroup;
			children = (
				842FBE4515DA5B0A008EBBAC /* I_010329.png */,
				847DA49E15DA55F9004AF55F /* AppDelegate.h */,
				847DA49F15DA55F9004AF55F /* AppDelegate.m */,
				847DA4A115DA55F9004AF55F /* FirstViewController.h */,
				847DA4A215DA55F9004AF55F /* FirstViewController.m */,
				847DA4A415DA55F9004AF55F /* first.png */,
				847DA4A615DA55F9004AF55F /* first@2x.png */,
				847DA4A815DA55F9004AF55F /* SecondViewController.h */,
				847DA4A915DA55F9004AF55F /* SecondViewController.m */,
				847DA4AB15DA55F9004AF55F /* second.png */,
				847DA4AD15DA55F9004AF55F /* second@2x.png */,
				847DA4AF15DA55F9004AF55F /* FirstViewController.xib */,
				847DA4B215DA55FA004AF55F /* SecondViewController.xib */,
				847DA49615DA55F9004AF55F /* Supporting Files */,
			);
			path = 120814_01;
			sourceTree = "<group>";
		};
		847DA49615DA55F9004AF55F /* Supporting Files */ = {
			isa = PBXGroup;
			children = (
				847DA49715DA55F9004AF55F /* 120814_01-Info.plist */,
				847DA49815DA55F9004AF55F /* InfoPlist.strings */,
				847DA49B15DA55F9004AF55F /* main.m */,
				847DA49D15DA55F9004AF55F /* 120814_01-Prefix.pch */,
			);
			name = "Supporting Files";
			sourceTree = "<group>";
		};
/* End PBXGroup section */

/* Begin PBXNativeTarget section */
		847DA48A15DA55F9004AF55F /* 120814_01 */ = {
			isa = PBXNativeTarget;
			buildConfigurationList = 847DA4B715DA55FA004AF55F /* Build configuration list for PBXNativeTarget "120814_01" */;
			buildPhases = (
				847DA48715DA55F9004AF55F /* Sources */,
				847DA48815DA55F9004AF55F /* Frameworks */,
				847DA48915DA55F9004AF55F /* Resources */,
			);
			buildRules = (
			);
			dependencies = (
			);
			name = 120814_01;
			productName = 120814_01;
			productReference = 847DA48B15DA55F9004AF55F /* 120814_01.app */;
			productType = "com.apple.product-type.application";
		};
/* End PBXNativeTarget section */

/* Begin PBXProject section */
		847DA48215DA55F9004AF55F /* Project object */ = {
			isa = PBXProject;
			attributes = {
				LastUpgradeCheck = 0440;
				ORGANIZATIONNAME = Administrator;
			};
			buildConfigurationList = 847DA48515DA55F9004AF55F /* Build configuration list for PBXProject "120814_01" */;
			compatibilityVersion = "Xcode 3.2";
			developmentRegion = English;
			hasScannedForEncodings = 0;
			knownRegions = (
				en,
			);
			mainGroup = 847DA48015DA55F9004AF55F;
			productRefGroup = 847DA48C15DA55F9004AF55F /* Products */;
			projectDirPath = "";
			projectRoot = "";
			targets = (
				847DA48A15DA55F9004AF55F /* 120814_01 */,
			);
		};
/* End PBXProject section */

/* Begin PBXResourcesBuildPhase section */
		847DA48915DA55F9004AF55F /* Resources */ = {
			isa = PBXResourcesBuildPhase;
			buildActionMask = 2147483647;
			files = (
				847DA49A15DA55F9004AF55F /* InfoPlist.strings in Resources */,
				847DA4A515DA55F9004AF55F /* first.png in Resources */,
				847DA4A715DA55F9004AF55F /* first@2x.png in Resources */,
				847DA4AC15DA55F9004AF55F /* second.png in Resources */,
				847DA4AE15DA55F9004AF55F /* second@2x.png in Resources */,
				847DA4B115DA55F9004AF55F /* FirstViewController.xib in Resources */,
				847DA4B415DA55FA004AF55F /* SecondViewController.xib in Resources */,
				842FBE4615DA5B0A008EBBAC /* I_010329.png in Resources */,
			);
			runOnlyForDeploymentPostprocessing = 0;
		};
/* End PBXResourcesBuildPhase section */

/* Begin PBXSourcesBuildPhase section */
		847DA48715DA55F9004AF55F /* Sources */ = {
			isa = PBXSourcesBuildPhase;
			buildActionMask = 2147483647;
			files = (
				847DA49C15DA55F9004AF55F /* main.m in Sources */,
				847DA4A015DA55F9004AF55F /* AppDelegate.m in Sources */,
				847DA4A315DA55F9004AF55F /* FirstViewController.m in Sources */,
				847DA4AA15DA55F9004AF55F /* SecondViewController.m in Sources */,
			);
			runOnlyForDeploymentPostprocessing = 0;
		};
/* End PBXSourcesBuildPhase section */

/* Begin PBXVariantGroup section */
		847DA49815DA55F9004AF55F /* InfoPlist.strings */ = {
			isa = PBXVariantGroup;
			children = (
				847DA49915DA55F9004AF55F /* en */,
			);
			name = InfoPlist.strings;
			sourceTree = "<group>";
		};
		847DA4AF15DA55F9004AF55F /* FirstViewController.xib */ = {
			isa = PBXVariantGroup;
			children = (
				847DA4B015DA55F9004AF55F /* en */,
			);
			name = FirstViewController.xib;
			sourceTree = "<group>";
		};
		847DA4B215DA55FA004AF55F /* SecondViewController.xib */ = {
			isa = PBXVariantGroup;
			children = (
				847DA4B315DA55FA004AF55F /* en */,
			);
			name = SecondViewController.xib;
			sourceTree = "<group>";
		};
/* End PBXVariantGroup section */

/* Begin XCBuildConfiguration section */
		847DA4B515DA55FA004AF55F /* Debug */ = {
			isa = XCBuildConfiguration;
			buildSettings = {
				ALWAYS_SEARCH_USER_PATHS = NO;
				ARCHS = "$(ARCHS_STANDARD_32_BIT)";
				CLANG_CXX_LANGUAGE_STANDARD = "gnu++0x";
				CLANG_WARN__DUPLICATE_METHOD_MATCH = YES;
				"CODE_SIGN_IDENTITY[sdk=iphoneos*]" = "iPhone Developer";
				COPY_PHASE_STRIP = NO;
				GCC_C_LANGUAGE_STANDARD = gnu99;
				GCC_DYNAMIC_NO_PIC = NO;
				GCC_OPTIMIZATION_LEVEL = 0;
				GCC_PREPROCESSOR_DEFINITIONS = (
					"DEBUG=1",
					"$(inherited)",
				);
				GCC_SYMBOLS_PRIVATE_EXTERN = NO;
				GCC_VERSION = com.apple.compilers.llvm.clang.1_0;
				GCC_WARN_ABOUT_RETURN_TYPE = YES;
				GCC_WARN_UNINITIALIZED_AUTOS = YES;
				GCC_WARN_UNUSED_VARIABLE = YES;
				IPHONEOS_DEPLOYMENT_TARGET = 5.1;
				SDKROOT = iphoneos;
			};
			name = Debug;
		};
		847DA4B615DA55FA004AF55F /* Release */ = {
			isa = XCBuildConfiguration;
			buildSettings = {
				ALWAYS_SEARCH_USER_PATHS = NO;
				ARCHS = "$(ARCHS_STANDARD_32_BIT)";
				CLANG_CXX_LANGUAGE_STANDARD = "gnu++0x";
				CLANG_WARN__DUPLICATE_METHOD_MATCH = YES;
				"CODE_SIGN_IDENTITY[sdk=iphoneos*]" = "iPhone Developer";
				COPY_PHASE_STRIP = YES;
				GCC_C_LANGUAGE_STANDARD = gnu99;
				GCC_VERSION = com.apple.compilers.llvm.clang.1_0;
				GCC_WARN_ABOUT_RETURN_TYPE = YES;
				GCC_WARN_UNINITIALIZED_AUTOS = YES;
				GCC_WARN_UNUSED_VARIABLE = YES;
				IPHONEOS_DEPLOYMENT_TARGET = 5.1;
				OTHER_CFLAGS = "-DNS_BLOCK_ASSERTIONS=1";
				SDKROOT = iphoneos;
				VALIDATE_PRODUCT = YES;
			};
			name = Release;
		};
		847DA4B815DA55FA004AF55F /* Debug */ = {
			isa = XCBuildConfiguration;
			buildSettings = {
				GCC_PRECOMPILE_PREFIX_HEADER = YES;
				GCC_PREFIX_HEADER = "120814_01/120814_01-Prefix.pch";
				INFOPLIST_FILE = "120814_01/120814_01-Info.plist";
				PRODUCT_NAME = "$(TARGET_NAME)";
				WRAPPER_EXTENSION = app;
			};
			name = Debug;
		};
		847DA4B915DA55FA004AF55F /* Release */ = {
			isa = XCBuildConfiguration;
			buildSettings = {
				GCC_PRECOMPILE_PREFIX_HEADER = YES;
				GCC_PREFIX_HEADER = "120814_01/120814_01-Prefix.pch";
				INFOPLIST_FILE = "120814_01/120814_01-Info.plist";
				PRODUCT_NAME = "$(TARGET_NAME)";
				WRAPPER_EXTENSION = app;
			};
			name = Release;
		};
/* End XCBuildConfiguration section */

/* Begin XCConfigurationList section */
		847DA48515DA55F9004AF55F /* Build configuration list for PBXProject "120814_01" */ = {
			isa = XCConfigurationList;
			buildConfigurations = (
				847DA4B515DA55FA004AF55F /* Debug */,
				847DA4B615DA55FA004AF55F /* Release */,
			);
			defaultConfigurationIsVisible = 0;
			defaultConfigurationName = Release;
		};
		847DA4B715DA55FA004AF55F /* Build configuration list for PBXNativeTarget "120814_01" */ = {
			isa = XCConfigurationList;
			buildConfigurations = (
				847DA4B815DA55FA004AF55F /* Debug */,
				847DA4B915DA55FA004AF55F /* Release */,
			);
			defaultConfigurationIsVisible = 0;
			defaultConfigurationName = Release;
		};
/* End XCConfigurationList section */
	};
	rootObject = 847DA48215DA55F9004AF55F /* Project object */;
}
