// !$*UTF8*$!
{
	archiveVersion = 1;
	classes = {
	};
	objectVersion = 46;
	objects = {

/* Begin PBXBuildFile section */
		8982489416264BC70084351F /* UIKit.framework in Frameworks */ = {isa = PBXBuildFile; fileRef = 8982489316264BC70084351F /* UIKit.framework */; };
		8982489616264BC70084351F /* Foundation.framework in Frameworks */ = {isa = PBXBuildFile; fileRef = 8982489516264BC70084351F /* Foundation.framework */; };
		8982489816264BC70084351F /* CoreGraphics.framework in Frameworks */ = {isa = PBXBuildFile; fileRef = 8982489716264BC70084351F /* CoreGraphics.framework */; };
		8982489E16264BC70084351F /* InfoPlist.strings in Resources */ = {isa = PBXBuildFile; fileRef = 8982489C16264BC70084351F /* InfoPlist.strings */; };
		898248A016264BC70084351F /* main.m in Sources */ = {isa = PBXBuildFile; fileRef = 8982489F16264BC70084351F /* main.m */; };
		898248A416264BC70084351F /* AppDelegate.m in Sources */ = {isa = PBXBuildFile; fileRef = 898248A316264BC70084351F /* AppDelegate.m */; };
		898248A616264BC70084351F /* Default.png in Resources */ = {isa = PBXBuildFile; fileRef = 898248A516264BC70084351F /* Default.png */; };
		898248A816264BC70084351F /* Default@2x.png in Resources */ = {isa = PBXBuildFile; fileRef = 898248A716264BC70084351F /* Default@2x.png */; };
		898248AA16264BC70084351F /* Default-568h@2x.png in Resources */ = {isa = PBXBuildFile; fileRef = 898248A916264BC70084351F /* Default-568h@2x.png */; };
		898248AD16264BC70084351F /* ViewController.m in Sources */ = {isa = PBXBuildFile; fileRef = 898248AC16264BC70084351F /* ViewController.m */; };
		898248B016264BC70084351F /* ViewController.xib in Resources */ = {isa = PBXBuildFile; fileRef = 898248AE16264BC70084351F /* ViewController.xib */; };
		898248B716264C0B0084351F /* CoreLocation.framework in Frameworks */ = {isa = PBXBuildFile; fileRef = 898248B616264C0B0084351F /* CoreLocation.framework */; };
		898248B916264C100084351F /* MapKit.framework in Frameworks */ = {isa = PBXBuildFile; fileRef = 898248B816264C100084351F /* MapKit.framework */; };
/* End PBXBuildFile section */

/* Begin PBXFileReference section */
		8982488F16264BC70084351F /* gpsDistance.app */ = {isa = PBXFileReference; explicitFileType = wrapper.application; includeInIndex = 0; path = gpsDistance.app; sourceTree = BUILT_PRODUCTS_DIR; };
		8982489316264BC70084351F /* UIKit.framework */ = {isa = PBXFileReference; lastKnownFileType = wrapper.framework; name = UIKit.framework; path = System/Library/Frameworks/UIKit.framework; sourceTree = SDKROOT; };
		8982489516264BC70084351F /* Foundation.framework */ = {isa = PBXFileReference; lastKnownFileType = wrapper.framework; name = Foundation.framework; path = System/Library/Frameworks/Foundation.framework; sourceTree = SDKROOT; };
		8982489716264BC70084351F /* CoreGraphics.framework */ = {isa = PBXFileReference; lastKnownFileType = wrapper.framework; name = CoreGraphics.framework; path = System/Library/Frameworks/CoreGraphics.framework; sourceTree = SDKROOT; };
		8982489B16264BC70084351F /* gpsDistance-Info.plist */ = {isa = PBXFileReference; lastKnownFileType = text.plist.xml; path = "gpsDistance-Info.plist"; sourceTree = "<group>"; };
		8982489D16264BC70084351F /* en */ = {isa = PBXFileReference; lastKnownFileType = text.plist.strings; name = en; path = en.lproj/InfoPlist.strings; sourceTree = "<group>"; };
		8982489F16264BC70084351F /* main.m */ = {isa = PBXFileReference; lastKnownFileType = sourcecode.c.objc; path = main.m; sourceTree = "<group>"; };
		898248A116264BC70084351F /* gpsDistance-Prefix.pch */ = {isa = PBXFileReference; lastKnownFileType = sourcecode.c.h; path = "gpsDistance-Prefix.pch"; sourceTree = "<group>"; };
		898248A216264BC70084351F /* AppDelegate.h */ = {isa = PBXFileReference; lastKnownFileType = sourcecode.c.h; path = AppDelegate.h; sourceTree = "<group>"; };
		898248A316264BC70084351F /* AppDelegate.m */ = {isa = PBXFileReference; lastKnownFileType = sourcecode.c.objc; path = AppDelegate.m; sourceTree = "<group>"; };
		898248A516264BC70084351F /* Default.png */ = {isa = PBXFileReference; lastKnownFileType = image.png; path = Default.png; sourceTree = "<group>"; };
		898248A716264BC70084351F /* Default@2x.png */ = {isa = PBXFileReference; lastKnownFileType = image.png; path = "Default@2x.png"; sourceTree = "<group>"; };
		898248A916264BC70084351F /* Default-568h@2x.png */ = {isa = PBXFileReference; lastKnownFileType = image.png; path = "Default-568h@2x.png"; sourceTree = "<group>"; };
		898248AB16264BC70084351F /* ViewController.h */ = {isa = PBXFileReference; lastKnownFileType = sourcecode.c.h; path = ViewController.h; sourceTree = "<group>"; };
		898248AC16264BC70084351F /* ViewController.m */ = {isa = PBXFileReference; lastKnownFileType = sourcecode.c.objc; path = ViewController.m; sourceTree = "<group>"; };
		898248AF16264BC70084351F /* en */ = {isa = PBXFileReference; lastKnownFileType = file.xib; name = en; path = en.lproj/ViewController.xib; sourceTree = "<group>"; };
		898248B616264C0B0084351F /* CoreLocation.framework */ = {isa = PBXFileReference; lastKnownFileType = wrapper.framework; name = CoreLocation.framework; path = System/Library/Frameworks/CoreLocation.framework; sourceTree = SDKROOT; };
		898248B816264C100084351F /* MapKit.framework */ = {isa = PBXFileReference; lastKnownFileType = wrapper.framework; name = MapKit.framework; path = System/Library/Frameworks/MapKit.framework; sourceTree = SDKROOT; };
/* End PBXFileReference section */

/* Begin PBXFrameworksBuildPhase section */
		8982488C16264BC70084351F /* Frameworks */ = {
			isa = PBXFrameworksBuildPhase;
			buildActionMask = 2147483647;
			files = (
				898248B916264C100084351F /* MapKit.framework in Frameworks */,
				898248B716264C0B0084351F /* CoreLocation.framework in Frameworks */,
				8982489416264BC70084351F /* UIKit.framework in Frameworks */,
				8982489616264BC70084351F /* Foundation.framework in Frameworks */,
				8982489816264BC70084351F /* CoreGraphics.framework in Frameworks */,
			);
			runOnlyForDeploymentPostprocessing = 0;
		};
/* End PBXFrameworksBuildPhase section */

/* Begin PBXGroup section */
		8982488416264BC70084351F = {
			isa = PBXGroup;
			children = (
				8982489916264BC70084351F /* gpsDistance */,
				8982489216264BC70084351F /* Frameworks */,
				8982489016264BC70084351F /* Products */,
			);
			sourceTree = "<group>";
		};
		8982489016264BC70084351F /* Products */ = {
			isa = PBXGroup;
			children = (
				8982488F16264BC70084351F /* gpsDistance.app */,
			);
			name = Products;
			sourceTree = "<group>";
		};
		8982489216264BC70084351F /* Frameworks */ = {
			isa = PBXGroup;
			children = (
				898248B816264C100084351F /* MapKit.framework */,
				898248B616264C0B0084351F /* CoreLocation.framework */,
				8982489316264BC70084351F /* UIKit.framework */,
				8982489516264BC70084351F /* Foundation.framework */,
				8982489716264BC70084351F /* CoreGraphics.framework */,
			);
			name = Frameworks;
			sourceTree = "<group>";
		};
		8982489916264BC70084351F /* gpsDistance */ = {
			isa = PBXGroup;
			children = (
				898248A216264BC70084351F /* AppDelegate.h */,
				898248A316264BC70084351F /* AppDelegate.m */,
				898248AB16264BC70084351F /* ViewController.h */,
				898248AC16264BC70084351F /* ViewController.m */,
				898248AE16264BC70084351F /* ViewController.xib */,
				8982489A16264BC70084351F /* Supporting Files */,
			);
			path = gpsDistance;
			sourceTree = "<group>";
		};
		8982489A16264BC70084351F /* Supporting Files */ = {
			isa = PBXGroup;
			children = (
				8982489B16264BC70084351F /* gpsDistance-Info.plist */,
				8982489C16264BC70084351F /* InfoPlist.strings */,
				8982489F16264BC70084351F /* main.m */,
				898248A116264BC70084351F /* gpsDistance-Prefix.pch */,
				898248A516264BC70084351F /* Default.png */,
				898248A716264BC70084351F /* Default@2x.png */,
				898248A916264BC70084351F /* Default-568h@2x.png */,
			);
			name = "Supporting Files";
			sourceTree = "<group>";
		};
/* End PBXGroup section */

/* Begin PBXNativeTarget section */
		8982488E16264BC70084351F /* gpsDistance */ = {
			isa = PBXNativeTarget;
			buildConfigurationList = 898248B316264BC70084351F /* Build configuration list for PBXNativeTarget "gpsDistance" */;
			buildPhases = (
				8982488B16264BC70084351F /* Sources */,
				8982488C16264BC70084351F /* Frameworks */,
				8982488D16264BC70084351F /* Resources */,
			);
			buildRules = (
			);
			dependencies = (
			);
			name = gpsDistance;
			productName = gpsDistance;
			productReference = 8982488F16264BC70084351F /* gpsDistance.app */;
			productType = "com.apple.product-type.application";
		};
/* End PBXNativeTarget section */

/* Begin PBXProject section */
		8982488616264BC70084351F /* Project object */ = {
			isa = PBXProject;
			attributes = {
				LastUpgradeCheck = 0450;
				ORGANIZATIONNAME = ASTERiS;
			};
			buildConfigurationList = 8982488916264BC70084351F /* Build configuration list for PBXProject "gpsDistance" */;
			compatibilityVersion = "Xcode 3.2";
			developmentRegion = English;
			hasScannedForEncodings = 0;
			knownRegions = (
				en,
			);
			mainGroup = 8982488416264BC70084351F;
			productRefGroup = 8982489016264BC70084351F /* Products */;
			projectDirPath = "";
			projectRoot = "";
			targets = (
				8982488E16264BC70084351F /* gpsDistance */,
			);
		};
/* End PBXProject section */

/* Begin PBXResourcesBuildPhase section */
		8982488D16264BC70084351F /* Resources */ = {
			isa = PBXResourcesBuildPhase;
			buildActionMask = 2147483647;
			files = (
				8982489E16264BC70084351F /* InfoPlist.strings in Resources */,
				898248A616264BC70084351F /* Default.png in Resources */,
				898248A816264BC70084351F /* Default@2x.png in Resources */,
				898248AA16264BC70084351F /* Default-568h@2x.png in Resources */,
				898248B016264BC70084351F /* ViewController.xib in Resources */,
			);
			runOnlyForDeploymentPostprocessing = 0;
		};
/* End PBXResourcesBuildPhase section */

/* Begin PBXSourcesBuildPhase section */
		8982488B16264BC70084351F /* Sources */ = {
			isa = PBXSourcesBuildPhase;
			buildActionMask = 2147483647;
			files = (
				898248A016264BC70084351F /* main.m in Sources */,
				898248A416264BC70084351F /* AppDelegate.m in Sources */,
				898248AD16264BC70084351F /* ViewController.m in Sources */,
			);
			runOnlyForDeploymentPostprocessing = 0;
		};
/* End PBXSourcesBuildPhase section */

/* Begin PBXVariantGroup section */
		8982489C16264BC70084351F /* InfoPlist.strings */ = {
			isa = PBXVariantGroup;
			children = (
				8982489D16264BC70084351F /* en */,
			);
			name = InfoPlist.strings;
			sourceTree = "<group>";
		};
		898248AE16264BC70084351F /* ViewController.xib */ = {
			isa = PBXVariantGroup;
			children = (
				898248AF16264BC70084351F /* en */,
			);
			name = ViewController.xib;
			sourceTree = "<group>";
		};
/* End PBXVariantGroup section */

/* Begin XCBuildConfiguration section */
		898248B116264BC70084351F /* Debug */ = {
			isa = XCBuildConfiguration;
			buildSettings = {
				ALWAYS_SEARCH_USER_PATHS = NO;
				CLANG_CXX_LANGUAGE_STANDARD = "gnu++0x";
				CLANG_CXX_LIBRARY = "libc++";
				CLANG_ENABLE_OBJC_ARC = YES;
				CLANG_WARN_EMPTY_BODY = YES;
				CLANG_WARN__DUPLICATE_METHOD_MATCH = YES;
				"CODE_SIGN_IDENTITY[sdk=iphoneos*]" = "iPhone Developer";
				COPY_PHASE_STRIP = NO;
				GCC_C_LANGUAGE_STANDARD = gnu99;
				GCC_DYNAMIC_NO_PIC = NO;
				GCC_OPTIMIZATION_LEVEL = 0;
				GCC_PREPROCESSOR_DEFINITIONS = (
					"DEBUG=1",
					"$(inherited)",
				);
				GCC_SYMBOLS_PRIVATE_EXTERN = NO;
				GCC_WARN_ABOUT_RETURN_TYPE = YES;
				GCC_WARN_UNINITIALIZED_AUTOS = YES;
				GCC_WARN_UNUSED_VARIABLE = YES;
				IPHONEOS_DEPLOYMENT_TARGET = 6.0;
				SDKROOT = iphoneos;
			};
			name = Debug;
		};
		898248B216264BC70084351F /* Release */ = {
			isa = XCBuildConfiguration;
			buildSettings = {
				ALWAYS_SEARCH_USER_PATHS = NO;
				CLANG_CXX_LANGUAGE_STANDARD = "gnu++0x";
				CLANG_CXX_LIBRARY = "libc++";
				CLANG_ENABLE_OBJC_ARC = YES;
				CLANG_WARN_EMPTY_BODY = YES;
				CLANG_WARN__DUPLICATE_METHOD_MATCH = YES;
				"CODE_SIGN_IDENTITY[sdk=iphoneos*]" = "iPhone Developer";
				COPY_PHASE_STRIP = YES;
				GCC_C_LANGUAGE_STANDARD = gnu99;
				GCC_WARN_ABOUT_RETURN_TYPE = YES;
				GCC_WARN_UNINITIALIZED_AUTOS = YES;
				GCC_WARN_UNUSED_VARIABLE = YES;
				IPHONEOS_DEPLOYMENT_TARGET = 6.0;
				OTHER_CFLAGS = "-DNS_BLOCK_ASSERTIONS=1";
				SDKROOT = iphoneos;
				VALIDATE_PRODUCT = YES;
			};
			name = Release;
		};
		898248B416264BC70084351F /* Debug */ = {
			isa = XCBuildConfiguration;
			buildSettings = {
				GCC_PRECOMPILE_PREFIX_HEADER = YES;
				GCC_PREFIX_HEADER = "gpsDistance/gpsDistance-Prefix.pch";
				INFOPLIST_FILE = "gpsDistance/gpsDistance-Info.plist";
				PRODUCT_NAME = "$(TARGET_NAME)";
				WRAPPER_EXTENSION = app;
			};
			name = Debug;
		};
		898248B516264BC70084351F /* Release */ = {
			isa = XCBuildConfiguration;
			buildSettings = {
				GCC_PRECOMPILE_PREFIX_HEADER = YES;
				GCC_PREFIX_HEADER = "gpsDistance/gpsDistance-Prefix.pch";
				INFOPLIST_FILE = "gpsDistance/gpsDistance-Info.plist";
				PRODUCT_NAME = "$(TARGET_NAME)";
				WRAPPER_EXTENSION = app;
			};
			name = Release;
		};
/* End XCBuildConfiguration section */

/* Begin XCConfigurationList section */
		8982488916264BC70084351F /* Build configuration list for PBXProject "gpsDistance" */ = {
			isa = XCConfigurationList;
			buildConfigurations = (
				898248B116264BC70084351F /* Debug */,
				898248B216264BC70084351F /* Release */,
			);
			defaultConfigurationIsVisible = 0;
			defaultConfigurationName = Release;
		};
		898248B316264BC70084351F /* Build configuration list for PBXNativeTarget "gpsDistance" */ = {
			isa = XCConfigurationList;
			buildConfigurations = (
				898248B416264BC70084351F /* Debug */,
				898248B516264BC70084351F /* Release */,
			);
			defaultConfigurationIsVisible = 0;
		};
/* End XCConfigurationList section */
	};
	rootObject = 8982488616264BC70084351F /* Project object */;
}
