// !$*UTF8*$!
{
	archiveVersion = 1;
	classes = {
	};
	objectVersion = 46;
	objects = {

/* Begin PBXBuildFile section */
		842D62F615E12DE1000C9CA1 /* AVFoundation.framework in Frameworks */ = {isa = PBXBuildFile; fileRef = 842D62F515E12DE1000C9CA1 /* AVFoundation.framework */; };
		845E44A015E14BAF002B9B83 /* bgm.wav in Resources */ = {isa = PBXBuildFile; fileRef = 845E449E15E14BAF002B9B83 /* bgm.wav */; };
		845E44A115E14BAF002B9B83 /* se.wav in Resources */ = {isa = PBXBuildFile; fileRef = 845E449F15E14BAF002B9B83 /* se.wav */; };
		845E44A415E14D7A002B9B83 /* bgm.mp3 in Resources */ = {isa = PBXBuildFile; fileRef = 845E44A315E14D7A002B9B83 /* bgm.mp3 */; };
		845E44AF15E15115002B9B83 /* re_bgm.mp3 in Resources */ = {isa = PBXBuildFile; fileRef = 845E44AE15E15115002B9B83 /* re_bgm.mp3 */; };
		845E44B515E15DEB002B9B83 /* MediaPlayer.framework in Frameworks */ = {isa = PBXBuildFile; fileRef = 845E44B415E15DEB002B9B83 /* MediaPlayer.framework */; };
		84E8DAA315DC96B0005BE68D /* UIKit.framework in Frameworks */ = {isa = PBXBuildFile; fileRef = 84E8DAA215DC96B0005BE68D /* UIKit.framework */; };
		84E8DAA515DC96B0005BE68D /* Foundation.framework in Frameworks */ = {isa = PBXBuildFile; fileRef = 84E8DAA415DC96B0005BE68D /* Foundation.framework */; };
		84E8DAA715DC96B0005BE68D /* CoreGraphics.framework in Frameworks */ = {isa = PBXBuildFile; fileRef = 84E8DAA615DC96B0005BE68D /* CoreGraphics.framework */; };
		84E8DAAD15DC96B0005BE68D /* InfoPlist.strings in Resources */ = {isa = PBXBuildFile; fileRef = 84E8DAAB15DC96B0005BE68D /* InfoPlist.strings */; };
		84E8DAAF15DC96B0005BE68D /* main.m in Sources */ = {isa = PBXBuildFile; fileRef = 84E8DAAE15DC96B0005BE68D /* main.m */; };
		84E8DAB315DC96B0005BE68D /* AppDelegate.m in Sources */ = {isa = PBXBuildFile; fileRef = 84E8DAB215DC96B0005BE68D /* AppDelegate.m */; };
		84E8DAB615DC96B0005BE68D /* FirstViewController.m in Sources */ = {isa = PBXBuildFile; fileRef = 84E8DAB515DC96B0005BE68D /* FirstViewController.m */; };
		84E8DAB815DC96B0005BE68D /* first.png in Resources */ = {isa = PBXBuildFile; fileRef = 84E8DAB715DC96B0005BE68D /* first.png */; };
		84E8DABA15DC96B1005BE68D /* first@2x.png in Resources */ = {isa = PBXBuildFile; fileRef = 84E8DAB915DC96B1005BE68D /* first@2x.png */; };
		84E8DABD15DC96B1005BE68D /* SecondViewController.m in Sources */ = {isa = PBXBuildFile; fileRef = 84E8DABC15DC96B1005BE68D /* SecondViewController.m */; };
		84E8DABF15DC96B1005BE68D /* second.png in Resources */ = {isa = PBXBuildFile; fileRef = 84E8DABE15DC96B1005BE68D /* second.png */; };
		84E8DAC115DC96B1005BE68D /* second@2x.png in Resources */ = {isa = PBXBuildFile; fileRef = 84E8DAC015DC96B1005BE68D /* second@2x.png */; };
		84E8DAC415DC96B1005BE68D /* FirstViewController.xib in Resources */ = {isa = PBXBuildFile; fileRef = 84E8DAC215DC96B1005BE68D /* FirstViewController.xib */; };
		84E8DAC715DC96B1005BE68D /* SecondViewController.xib in Resources */ = {isa = PBXBuildFile; fileRef = 84E8DAC515DC96B1005BE68D /* SecondViewController.xib */; };
		84E8DAD215DC9BAE005BE68D /* CoreLocation.framework in Frameworks */ = {isa = PBXBuildFile; fileRef = 84E8DAD115DC9BAE005BE68D /* CoreLocation.framework */; };
/* End PBXBuildFile section */

/* Begin PBXFileReference section */
		842D62F515E12DE1000C9CA1 /* AVFoundation.framework */ = {isa = PBXFileReference; lastKnownFileType = wrapper.framework; name = AVFoundation.framework; path = System/Library/Frameworks/AVFoundation.framework; sourceTree = SDKROOT; };
		845E449E15E14BAF002B9B83 /* bgm.wav */ = {isa = PBXFileReference; lastKnownFileType = audio.wav; path = bgm.wav; sourceTree = "<group>"; };
		845E449F15E14BAF002B9B83 /* se.wav */ = {isa = PBXFileReference; lastKnownFileType = audio.wav; path = se.wav; sourceTree = "<group>"; };
		845E44A315E14D7A002B9B83 /* bgm.mp3 */ = {isa = PBXFileReference; lastKnownFileType = audio.mp3; path = bgm.mp3; sourceTree = "<group>"; };
		845E44A515E14DB6002B9B83 /* test.m4a */ = {isa = PBXFileReference; lastKnownFileType = file; path = test.m4a; sourceTree = "<group>"; };
		845E44AE15E15115002B9B83 /* re_bgm.mp3 */ = {isa = PBXFileReference; lastKnownFileType = audio.mp3; path = re_bgm.mp3; sourceTree = "<group>"; };
		845E44B415E15DEB002B9B83 /* MediaPlayer.framework */ = {isa = PBXFileReference; lastKnownFileType = wrapper.framework; name = MediaPlayer.framework; path = System/Library/Frameworks/MediaPlayer.framework; sourceTree = SDKROOT; };
		84E8DA9E15DC96B0005BE68D /* astBikeDash.app */ = {isa = PBXFileReference; explicitFileType = wrapper.application; includeInIndex = 0; path = astBikeDash.app; sourceTree = BUILT_PRODUCTS_DIR; };
		84E8DAA215DC96B0005BE68D /* UIKit.framework */ = {isa = PBXFileReference; lastKnownFileType = wrapper.framework; name = UIKit.framework; path = System/Library/Frameworks/UIKit.framework; sourceTree = SDKROOT; };
		84E8DAA415DC96B0005BE68D /* Foundation.framework */ = {isa = PBXFileReference; lastKnownFileType = wrapper.framework; name = Foundation.framework; path = System/Library/Frameworks/Foundation.framework; sourceTree = SDKROOT; };
		84E8DAA615DC96B0005BE68D /* CoreGraphics.framework */ = {isa = PBXFileReference; lastKnownFileType = wrapper.framework; name = CoreGraphics.framework; path = System/Library/Frameworks/CoreGraphics.framework; sourceTree = SDKROOT; };
		84E8DAAA15DC96B0005BE68D /* astBikeDash-Info.plist */ = {isa = PBXFileReference; lastKnownFileType = text.plist.xml; path = "astBikeDash-Info.plist"; sourceTree = "<group>"; };
		84E8DAAC15DC96B0005BE68D /* en */ = {isa = PBXFileReference; lastKnownFileType = text.plist.strings; name = en; path = en.lproj/InfoPlist.strings; sourceTree = "<group>"; };
		84E8DAAE15DC96B0005BE68D /* main.m */ = {isa = PBXFileReference; lastKnownFileType = sourcecode.c.objc; path = main.m; sourceTree = "<group>"; };
		84E8DAB015DC96B0005BE68D /* astBikeDash-Prefix.pch */ = {isa = PBXFileReference; lastKnownFileType = sourcecode.c.h; path = "astBikeDash-Prefix.pch"; sourceTree = "<group>"; };
		84E8DAB115DC96B0005BE68D /* AppDelegate.h */ = {isa = PBXFileReference; lastKnownFileType = sourcecode.c.h; path = AppDelegate.h; sourceTree = "<group>"; };
		84E8DAB215DC96B0005BE68D /* AppDelegate.m */ = {isa = PBXFileReference; lastKnownFileType = sourcecode.c.objc; path = AppDelegate.m; sourceTree = "<group>"; };
		84E8DAB415DC96B0005BE68D /* FirstViewController.h */ = {isa = PBXFileReference; lastKnownFileType = sourcecode.c.h; path = FirstViewController.h; sourceTree = "<group>"; };
		84E8DAB515DC96B0005BE68D /* FirstViewController.m */ = {isa = PBXFileReference; lastKnownFileType = sourcecode.c.objc; path = FirstViewController.m; sourceTree = "<group>"; };
		84E8DAB715DC96B0005BE68D /* first.png */ = {isa = PBXFileReference; lastKnownFileType = image.png; path = first.png; sourceTree = "<group>"; };
		84E8DAB915DC96B1005BE68D /* first@2x.png */ = {isa = PBXFileReference; lastKnownFileType = image.png; path = "first@2x.png"; sourceTree = "<group>"; };
		84E8DABB15DC96B1005BE68D /* SecondViewController.h */ = {isa = PBXFileReference; lastKnownFileType = sourcecode.c.h; path = SecondViewController.h; sourceTree = "<group>"; };
		84E8DABC15DC96B1005BE68D /* SecondViewController.m */ = {isa = PBXFileReference; lastKnownFileType = sourcecode.c.objc; path = SecondViewController.m; sourceTree = "<group>"; };
		84E8DABE15DC96B1005BE68D /* second.png */ = {isa = PBXFileReference; lastKnownFileType = image.png; path = second.png; sourceTree = "<group>"; };
		84E8DAC015DC96B1005BE68D /* second@2x.png */ = {isa = PBXFileReference; lastKnownFileType = image.png; path = "second@2x.png"; sourceTree = "<group>"; };
		84E8DAC315DC96B1005BE68D /* en */ = {isa = PBXFileReference; lastKnownFileType = file.xib; name = en; path = en.lproj/FirstViewController.xib; sourceTree = "<group>"; };
		84E8DAC615DC96B1005BE68D /* en */ = {isa = PBXFileReference; lastKnownFileType = file.xib; name = en; path = en.lproj/SecondViewController.xib; sourceTree = "<group>"; };
		84E8DAD115DC9BAE005BE68D /* CoreLocation.framework */ = {isa = PBXFileReference; lastKnownFileType = wrapper.framework; name = CoreLocation.framework; path = System/Library/Frameworks/CoreLocation.framework; sourceTree = SDKROOT; };
/* End PBXFileReference section */

/* Begin PBXFrameworksBuildPhase section */
		84E8DA9B15DC96B0005BE68D /* Frameworks */ = {
			isa = PBXFrameworksBuildPhase;
			buildActionMask = 2147483647;
			files = (
				845E44B515E15DEB002B9B83 /* MediaPlayer.framework in Frameworks */,
				842D62F615E12DE1000C9CA1 /* AVFoundation.framework in Frameworks */,
				84E8DAD215DC9BAE005BE68D /* CoreLocation.framework in Frameworks */,
				84E8DAA315DC96B0005BE68D /* UIKit.framework in Frameworks */,
				84E8DAA515DC96B0005BE68D /* Foundation.framework in Frameworks */,
				84E8DAA715DC96B0005BE68D /* CoreGraphics.framework in Frameworks */,
			);
			runOnlyForDeploymentPostprocessing = 0;
		};
/* End PBXFrameworksBuildPhase section */

/* Begin PBXGroup section */
		84E8DA9315DC96B0005BE68D = {
			isa = PBXGroup;
			children = (
				845E44B415E15DEB002B9B83 /* MediaPlayer.framework */,
				842D62F515E12DE1000C9CA1 /* AVFoundation.framework */,
				84E8DAA815DC96B0005BE68D /* astBikeDash */,
				84E8DAA115DC96B0005BE68D /* Frameworks */,
				84E8DA9F15DC96B0005BE68D /* Products */,
			);
			sourceTree = "<group>";
		};
		84E8DA9F15DC96B0005BE68D /* Products */ = {
			isa = PBXGroup;
			children = (
				84E8DA9E15DC96B0005BE68D /* astBikeDash.app */,
			);
			name = Products;
			sourceTree = "<group>";
		};
		84E8DAA115DC96B0005BE68D /* Frameworks */ = {
			isa = PBXGroup;
			children = (
				84E8DAD115DC9BAE005BE68D /* CoreLocation.framework */,
				84E8DAA215DC96B0005BE68D /* UIKit.framework */,
				84E8DAA415DC96B0005BE68D /* Foundation.framework */,
				84E8DAA615DC96B0005BE68D /* CoreGraphics.framework */,
			);
			name = Frameworks;
			sourceTree = "<group>";
		};
		84E8DAA815DC96B0005BE68D /* astBikeDash */ = {
			isa = PBXGroup;
			children = (
				84E8DAB115DC96B0005BE68D /* AppDelegate.h */,
				84E8DAB215DC96B0005BE68D /* AppDelegate.m */,
				845E449E15E14BAF002B9B83 /* bgm.wav */,
				845E449F15E14BAF002B9B83 /* se.wav */,
				845E44A315E14D7A002B9B83 /* bgm.mp3 */,
				845E44A515E14DB6002B9B83 /* test.m4a */,
				84E8DAB415DC96B0005BE68D /* FirstViewController.h */,
				84E8DAB515DC96B0005BE68D /* FirstViewController.m */,
				84E8DAC215DC96B1005BE68D /* FirstViewController.xib */,
				84E8DAB715DC96B0005BE68D /* first.png */,
				845E44AE15E15115002B9B83 /* re_bgm.mp3 */,
				84E8DAB915DC96B1005BE68D /* first@2x.png */,
				84E8DABB15DC96B1005BE68D /* SecondViewController.h */,
				84E8DABC15DC96B1005BE68D /* SecondViewController.m */,
				84E8DAC515DC96B1005BE68D /* SecondViewController.xib */,
				84E8DABE15DC96B1005BE68D /* second.png */,
				84E8DAC015DC96B1005BE68D /* second@2x.png */,
				84E8DAA915DC96B0005BE68D /* Supporting Files */,
			);
			path = astBikeDash;
			sourceTree = "<group>";
		};
		84E8DAA915DC96B0005BE68D /* Supporting Files */ = {
			isa = PBXGroup;
			children = (
				84E8DAAA15DC96B0005BE68D /* astBikeDash-Info.plist */,
				84E8DAAB15DC96B0005BE68D /* InfoPlist.strings */,
				84E8DAAE15DC96B0005BE68D /* main.m */,
				84E8DAB015DC96B0005BE68D /* astBikeDash-Prefix.pch */,
			);
			name = "Supporting Files";
			sourceTree = "<group>";
		};
/* End PBXGroup section */

/* Begin PBXNativeTarget section */
		84E8DA9D15DC96B0005BE68D /* astBikeDash */ = {
			isa = PBXNativeTarget;
			buildConfigurationList = 84E8DACA15DC96B1005BE68D /* Build configuration list for PBXNativeTarget "astBikeDash" */;
			buildPhases = (
				84E8DA9A15DC96B0005BE68D /* Sources */,
				84E8DA9B15DC96B0005BE68D /* Frameworks */,
				84E8DA9C15DC96B0005BE68D /* Resources */,
			);
			buildRules = (
			);
			dependencies = (
			);
			name = astBikeDash;
			productName = astBikeDash;
			productReference = 84E8DA9E15DC96B0005BE68D /* astBikeDash.app */;
			productType = "com.apple.product-type.application";
		};
/* End PBXNativeTarget section */

/* Begin PBXProject section */
		84E8DA9515DC96B0005BE68D /* Project object */ = {
			isa = PBXProject;
			attributes = {
				LastUpgradeCheck = 0440;
				ORGANIZATIONNAME = Administrator;
			};
			buildConfigurationList = 84E8DA9815DC96B0005BE68D /* Build configuration list for PBXProject "astBikeDash" */;
			compatibilityVersion = "Xcode 3.2";
			developmentRegion = English;
			hasScannedForEncodings = 0;
			knownRegions = (
				en,
			);
			mainGroup = 84E8DA9315DC96B0005BE68D;
			productRefGroup = 84E8DA9F15DC96B0005BE68D /* Products */;
			projectDirPath = "";
			projectRoot = "";
			targets = (
				84E8DA9D15DC96B0005BE68D /* astBikeDash */,
			);
		};
/* End PBXProject section */

/* Begin PBXResourcesBuildPhase section */
		84E8DA9C15DC96B0005BE68D /* Resources */ = {
			isa = PBXResourcesBuildPhase;
			buildActionMask = 2147483647;
			files = (
				84E8DAAD15DC96B0005BE68D /* InfoPlist.strings in Resources */,
				84E8DAB815DC96B0005BE68D /* first.png in Resources */,
				84E8DABA15DC96B1005BE68D /* first@2x.png in Resources */,
				84E8DABF15DC96B1005BE68D /* second.png in Resources */,
				84E8DAC115DC96B1005BE68D /* second@2x.png in Resources */,
				84E8DAC415DC96B1005BE68D /* FirstViewController.xib in Resources */,
				84E8DAC715DC96B1005BE68D /* SecondViewController.xib in Resources */,
				845E44A015E14BAF002B9B83 /* bgm.wav in Resources */,
				845E44A115E14BAF002B9B83 /* se.wav in Resources */,
				845E44A415E14D7A002B9B83 /* bgm.mp3 in Resources */,
				845E44AF15E15115002B9B83 /* re_bgm.mp3 in Resources */,
			);
			runOnlyForDeploymentPostprocessing = 0;
		};
/* End PBXResourcesBuildPhase section */

/* Begin PBXSourcesBuildPhase section */
		84E8DA9A15DC96B0005BE68D /* Sources */ = {
			isa = PBXSourcesBuildPhase;
			buildActionMask = 2147483647;
			files = (
				84E8DAAF15DC96B0005BE68D /* main.m in Sources */,
				84E8DAB315DC96B0005BE68D /* AppDelegate.m in Sources */,
				84E8DAB615DC96B0005BE68D /* FirstViewController.m in Sources */,
				84E8DABD15DC96B1005BE68D /* SecondViewController.m in Sources */,
			);
			runOnlyForDeploymentPostprocessing = 0;
		};
/* End PBXSourcesBuildPhase section */

/* Begin PBXVariantGroup section */
		84E8DAAB15DC96B0005BE68D /* InfoPlist.strings */ = {
			isa = PBXVariantGroup;
			children = (
				84E8DAAC15DC96B0005BE68D /* en */,
			);
			name = InfoPlist.strings;
			sourceTree = "<group>";
		};
		84E8DAC215DC96B1005BE68D /* FirstViewController.xib */ = {
			isa = PBXVariantGroup;
			children = (
				84E8DAC315DC96B1005BE68D /* en */,
			);
			name = FirstViewController.xib;
			sourceTree = "<group>";
		};
		84E8DAC515DC96B1005BE68D /* SecondViewController.xib */ = {
			isa = PBXVariantGroup;
			children = (
				84E8DAC615DC96B1005BE68D /* en */,
			);
			name = SecondViewController.xib;
			sourceTree = "<group>";
		};
/* End PBXVariantGroup section */

/* Begin XCBuildConfiguration section */
		84E8DAC815DC96B1005BE68D /* Debug */ = {
			isa = XCBuildConfiguration;
			buildSettings = {
				ALWAYS_SEARCH_USER_PATHS = NO;
				ARCHS = "$(ARCHS_STANDARD_32_BIT)";
				CLANG_CXX_LANGUAGE_STANDARD = "gnu++0x";
				CLANG_ENABLE_OBJC_ARC = YES;
				CLANG_WARN__DUPLICATE_METHOD_MATCH = YES;
				"CODE_SIGN_IDENTITY[sdk=iphoneos*]" = "iPhone Developer";
				COPY_PHASE_STRIP = NO;
				GCC_C_LANGUAGE_STANDARD = gnu99;
				GCC_DYNAMIC_NO_PIC = NO;
				GCC_OPTIMIZATION_LEVEL = 0;
				GCC_PREPROCESSOR_DEFINITIONS = (
					"DEBUG=1",
					"$(inherited)",
				);
				GCC_SYMBOLS_PRIVATE_EXTERN = NO;
				GCC_VERSION = com.apple.compilers.llvm.clang.1_0;
				GCC_WARN_ABOUT_RETURN_TYPE = YES;
				GCC_WARN_UNINITIALIZED_AUTOS = YES;
				GCC_WARN_UNUSED_VARIABLE = YES;
				IPHONEOS_DEPLOYMENT_TARGET = 5.1;
				SDKROOT = iphoneos;
			};
			name = Debug;
		};
		84E8DAC915DC96B1005BE68D /* Release */ = {
			isa = XCBuildConfiguration;
			buildSettings = {
				ALWAYS_SEARCH_USER_PATHS = NO;
				ARCHS = "$(ARCHS_STANDARD_32_BIT)";
				CLANG_CXX_LANGUAGE_STANDARD = "gnu++0x";
				CLANG_ENABLE_OBJC_ARC = YES;
				CLANG_WARN__DUPLICATE_METHOD_MATCH = YES;
				"CODE_SIGN_IDENTITY[sdk=iphoneos*]" = "iPhone Developer";
				COPY_PHASE_STRIP = YES;
				GCC_C_LANGUAGE_STANDARD = gnu99;
				GCC_VERSION = com.apple.compilers.llvm.clang.1_0;
				GCC_WARN_ABOUT_RETURN_TYPE = YES;
				GCC_WARN_UNINITIALIZED_AUTOS = YES;
				GCC_WARN_UNUSED_VARIABLE = YES;
				IPHONEOS_DEPLOYMENT_TARGET = 5.1;
				OTHER_CFLAGS = "-DNS_BLOCK_ASSERTIONS=1";
				SDKROOT = iphoneos;
				VALIDATE_PRODUCT = YES;
			};
			name = Release;
		};
		84E8DACB15DC96B1005BE68D /* Debug */ = {
			isa = XCBuildConfiguration;
			buildSettings = {
				GCC_PRECOMPILE_PREFIX_HEADER = YES;
				GCC_PREFIX_HEADER = "astBikeDash/astBikeDash-Prefix.pch";
				INFOPLIST_FILE = "astBikeDash/astBikeDash-Info.plist";
				PRODUCT_NAME = "$(TARGET_NAME)";
				WRAPPER_EXTENSION = app;
			};
			name = Debug;
		};
		84E8DACC15DC96B1005BE68D /* Release */ = {
			isa = XCBuildConfiguration;
			buildSettings = {
				GCC_PRECOMPILE_PREFIX_HEADER = YES;
				GCC_PREFIX_HEADER = "astBikeDash/astBikeDash-Prefix.pch";
				INFOPLIST_FILE = "astBikeDash/astBikeDash-Info.plist";
				PRODUCT_NAME = "$(TARGET_NAME)";
				WRAPPER_EXTENSION = app;
			};
			name = Release;
		};
/* End XCBuildConfiguration section */

/* Begin XCConfigurationList section */
		84E8DA9815DC96B0005BE68D /* Build configuration list for PBXProject "astBikeDash" */ = {
			isa = XCConfigurationList;
			buildConfigurations = (
				84E8DAC815DC96B1005BE68D /* Debug */,
				84E8DAC915DC96B1005BE68D /* Release */,
			);
			defaultConfigurationIsVisible = 0;
			defaultConfigurationName = Release;
		};
		84E8DACA15DC96B1005BE68D /* Build configuration list for PBXNativeTarget "astBikeDash" */ = {
			isa = XCConfigurationList;
			buildConfigurations = (
				84E8DACB15DC96B1005BE68D /* Debug */,
				84E8DACC15DC96B1005BE68D /* Release */,
			);
			defaultConfigurationIsVisible = 0;
			defaultConfigurationName = Release;
		};
/* End XCConfigurationList section */
	};
	rootObject = 84E8DA9515DC96B0005BE68D /* Project object */;
}
